# This file is autogenerated, do not edit; changes may be undone by the next 'dep ensure'.


[[projects]]
  digest = "1:2cb900b27f6f86739d540e186fe6dadfdc2849aa9bfd86926947b618f3d7fbf0"
  name = "github.com/jpoirier/gortlsdr"
  packages = ["."]
  pruneopts = "UT"
  revision = "818528503f3cf95e75ef9eaff4857216a7c0225c"
  version = "v2.10.0"

[solve-meta]
  analyzer-name = "dep"
  analyzer-version = 1
  input-imports = ["github.com/jpoirier/gortlsdr"]
  solver-name = "gps-cdcl"
  solver-version = 1
